
Microsoft Visual Studio Solution File, Format Version 12.00
Project("{2150E333-8FDC-42A3-9474-1A3956D46DE8}") = "src", "src", "{E0EA6AF9-68DA-448B-9429-88664BF149FF}"
EndProject
Project("{2150E333-8FDC-42A3-9474-1A3956D46DE8}") = "tests", "tests", "{BEF329F5-927B-4C23-A3AC-625A7D96556A}"
EndProject
Project("{2150E333-8FDC-42A3-9474-1A3956D46DE8}") = "Core", "Core", "{1BE66D1D-5A74-45AB-8F5B-DA5EBBA124CA}"
EndProject
Project("{2150E333-8FDC-42A3-9474-1A3956D46DE8}") = "Infrastructure", "Infrastructure", "{0D7A78C9-A0F1-4E16-BC4B-F9A0CEF8DBDF}"
EndProject
Project("{2150E333-8FDC-42A3-9474-1A3956D46DE8}") = "Presentation", "Presentation", "{ABB0FF37-68A3-4B4C-9B47-0510251067B6}"
EndProject
Project("{FAE04EC0-301F-11D3-BF4B-00C04F79EFBC}") = "SinteksApp.Domain", "SinteksApp.Domain\SinteksApp.Domain.csproj", "{BDE2E9F2-CAB3-479A-9391-08B5E31BE004}"
EndProject
Project("{FAE04EC0-301F-11D3-BF4B-00C04F79EFBC}") = "SinteksApp.Application", "SinteksApp.Application\SinteksApp.Application.csproj", "{DDE15D07-148C-4CFF-8350-C73CE3822396}"
EndProject
Project("{FAE04EC0-301F-11D3-BF4B-00C04F79EFBC}") = "SinteksApp.Infrastructure", "SinteksApp.Infrastructure\SinteksApp.Infrastructure.csproj", "{60711D3A-9F99-46DB-8B5F-7EBEBBCA0C19}"
EndProject
Project("{FAE04EC0-301F-11D3-BF4B-00C04F79EFBC}") = "SinteksApp.WebAPI", "SinteksApp.WebAPI\SinteksApp.WebAPI.csproj", "{4679853A-C994-4A25-84B4-89F45870D93D}"
EndProject
Project("{FAE04EC0-301F-11D3-BF4B-00C04F79EFBC}") = "SinteksApp.Persistence", "SinteksApp.Persistence\SinteksApp.Persistence.csproj", "{6566B899-FF08-4430-8183-27359097C84C}"
EndProject
Global
	GlobalSection(SolutionConfigurationPlatforms) = preSolution
		Debug|Any CPU = Debug|Any CPU
		Release|Any CPU = Release|Any CPU
	EndGlobalSection
	GlobalSection(NestedProjects) = preSolution
		{1BE66D1D-5A74-45AB-8F5B-DA5EBBA124CA} = {E0EA6AF9-68DA-448B-9429-88664BF149FF}
		{0D7A78C9-A0F1-4E16-BC4B-F9A0CEF8DBDF} = {E0EA6AF9-68DA-448B-9429-88664BF149FF}
		{ABB0FF37-68A3-4B4C-9B47-0510251067B6} = {E0EA6AF9-68DA-448B-9429-88664BF149FF}
		{BDE2E9F2-CAB3-479A-9391-08B5E31BE004} = {1BE66D1D-5A74-45AB-8F5B-DA5EBBA124CA}
		{DDE15D07-148C-4CFF-8350-C73CE3822396} = {1BE66D1D-5A74-45AB-8F5B-DA5EBBA124CA}
		{60711D3A-9F99-46DB-8B5F-7EBEBBCA0C19} = {0D7A78C9-A0F1-4E16-BC4B-F9A0CEF8DBDF}
		{4679853A-C994-4A25-84B4-89F45870D93D} = {ABB0FF37-68A3-4B4C-9B47-0510251067B6}
		{6566B899-FF08-4430-8183-27359097C84C} = {0D7A78C9-A0F1-4E16-BC4B-F9A0CEF8DBDF}
	EndGlobalSection
	GlobalSection(ProjectConfigurationPlatforms) = postSolution
		{BDE2E9F2-CAB3-479A-9391-08B5E31BE004}.Debug|Any CPU.ActiveCfg = Debug|Any CPU
		{BDE2E9F2-CAB3-479A-9391-08B5E31BE004}.Debug|Any CPU.Build.0 = Debug|Any CPU
		{BDE2E9F2-CAB3-479A-9391-08B5E31BE004}.Release|Any CPU.ActiveCfg = Release|Any CPU
		{BDE2E9F2-CAB3-479A-9391-08B5E31BE004}.Release|Any CPU.Build.0 = Release|Any CPU
		{DDE15D07-148C-4CFF-8350-C73CE3822396}.Debug|Any CPU.ActiveCfg = Debug|Any CPU
		{DDE15D07-148C-4CFF-8350-C73CE3822396}.Debug|Any CPU.Build.0 = Debug|Any CPU
		{DDE15D07-148C-4CFF-8350-C73CE3822396}.Release|Any CPU.ActiveCfg = Release|Any CPU
		{DDE15D07-148C-4CFF-8350-C73CE3822396}.Release|Any CPU.Build.0 = Release|Any CPU
		{60711D3A-9F99-46DB-8B5F-7EBEBBCA0C19}.Debug|Any CPU.ActiveCfg = Debug|Any CPU
		{60711D3A-9F99-46DB-8B5F-7EBEBBCA0C19}.Debug|Any CPU.Build.0 = Debug|Any CPU
		{60711D3A-9F99-46DB-8B5F-7EBEBBCA0C19}.Release|Any CPU.ActiveCfg = Release|Any CPU
		{60711D3A-9F99-46DB-8B5F-7EBEBBCA0C19}.Release|Any CPU.Build.0 = Release|Any CPU
		{4679853A-C994-4A25-84B4-89F45870D93D}.Debug|Any CPU.ActiveCfg = Debug|Any CPU
		{4679853A-C994-4A25-84B4-89F45870D93D}.Debug|Any CPU.Build.0 = Debug|Any CPU
		{4679853A-C994-4A25-84B4-89F45870D93D}.Release|Any CPU.ActiveCfg = Release|Any CPU
		{4679853A-C994-4A25-84B4-89F45870D93D}.Release|Any CPU.Build.0 = Release|Any CPU
		{6566B899-FF08-4430-8183-27359097C84C}.Debug|Any CPU.ActiveCfg = Debug|Any CPU
		{6566B899-FF08-4430-8183-27359097C84C}.Debug|Any CPU.Build.0 = Debug|Any CPU
		{6566B899-FF08-4430-8183-27359097C84C}.Release|Any CPU.ActiveCfg = Release|Any CPU
		{6566B899-FF08-4430-8183-27359097C84C}.Release|Any CPU.Build.0 = Release|Any CPU
	EndGlobalSection
EndGlobal
